
Microsoft Visual Studio Solution File, Format Version 12.00
# Visual Studio Version 17
VisualStudioVersion = 17.9.34728.123
MinimumVisualStudioVersion = 10.0.40219.1
Project("{FAE04EC0-301F-11D3-BF4B-00C04F79EFBC}") = "DVLD_Presentation", "DVLD_Presentation.csproj", "{EE379013-181A-491C-BA6A-10856B0C240C}"
EndProject
Project("{FAE04EC0-301F-11D3-BF4B-00C04F79EFBC}") = "DVLD_Business", "..\DVLD_Business\DVLD_Business.csproj", "{3B566A83-3588-4340-8B5B-960FDD847417}"
EndProject
Project("{FAE04EC0-301F-11D3-BF4B-00C04F79EFBC}") = "DVLD_DataAccess", "..\DVLD_DataAccess\DVLD_DataAccess.csproj", "{11A967CF-3262-4E04-886D-93FE86557CF3}"
EndProject
Global
	GlobalSection(SolutionConfigurationPlatforms) = preSolution
		Debug|Any CPU = Debug|Any CPU
		Release|Any CPU = Release|Any CPU
	EndGlobalSection
	GlobalSection(ProjectConfigurationPlatforms) = postSolution
		{EE379013-181A-491C-BA6A-10856B0C240C}.Debug|Any CPU.ActiveCfg = Debug|Any CPU
		{EE379013-181A-491C-BA6A-10856B0C240C}.Debug|Any CPU.Build.0 = Debug|Any CPU
		{EE379013-181A-491C-BA6A-10856B0C240C}.Release|Any CPU.ActiveCfg = Release|Any CPU
		{EE379013-181A-491C-BA6A-10856B0C240C}.Release|Any CPU.Build.0 = Release|Any CPU
		{3B566A83-3588-4340-8B5B-960FDD847417}.Debug|Any CPU.ActiveCfg = Debug|Any CPU
		{3B566A83-3588-4340-8B5B-960FDD847417}.Debug|Any CPU.Build.0 = Debug|Any CPU
		{3B566A83-3588-4340-8B5B-960FDD847417}.Release|Any CPU.ActiveCfg = Release|Any CPU
		{3B566A83-3588-4340-8B5B-960FDD847417}.Release|Any CPU.Build.0 = Release|Any CPU
		{11A967CF-3262-4E04-886D-93FE86557CF3}.Debug|Any CPU.ActiveCfg = Debug|Any CPU
		{11A967CF-3262-4E04-886D-93FE86557CF3}.Debug|Any CPU.Build.0 = Debug|Any CPU
		{11A967CF-3262-4E04-886D-93FE86557CF3}.Release|Any CPU.ActiveCfg = Release|Any CPU
		{11A967CF-3262-4E04-886D-93FE86557CF3}.Release|Any CPU.Build.0 = Release|Any CPU
	EndGlobalSection
	GlobalSection(SolutionProperties) = preSolution
		HideSolutionNode = FALSE
	EndGlobalSection
	GlobalSection(ExtensibilityGlobals) = postSolution
		SolutionGuid = {C4FDFD45-31EF-4712-AB49-70A20B6B1654}
	EndGlobalSection
EndGlobal
